// !$*UTF8*$!
{
	archiveVersion = 1;
	classes = {
	};
	objectVersion = 56;
	objects = {

/* Begin PBXBuildFile section */
		6F64CEF92A73E143003CFBB7 /* AppDelegate.swift in Sources */ = {isa = PBXBuildFile; fileRef = 6F64CEF82A73E143003CFBB7 /* AppDelegate.swift */; };
		6F64CEFB2A73E143003CFBB7 /* SceneDelegate.swift in Sources */ = {isa = PBXBuildFile; fileRef = 6F64CEFA2A73E143003CFBB7 /* SceneDelegate.swift */; };
		6F64CEFD2A73E143003CFBB7 /* InitialViewController.swift in Sources */ = {isa = PBXBuildFile; fileRef = 6F64CEFC2A73E143003CFBB7 /* InitialViewController.swift */; };
		6F64CF002A73E143003CFBB7 /* Main.storyboard in Resources */ = {isa = PBXBuildFile; fileRef = 6F64CEFE2A73E143003CFBB7 /* Main.storyboard */; };
		6F64CF022A73E144003CFBB7 /* Assets.xcassets in Resources */ = {isa = PBXBuildFile; fileRef = 6F64CF012A73E144003CFBB7 /* Assets.xcassets */; };
		6F64CF052A73E144003CFBB7 /* LaunchScreen.storyboard in Resources */ = {isa = PBXBuildFile; fileRef = 6F64CF032A73E144003CFBB7 /* LaunchScreen.storyboard */; };
		6F64CF182A73E431003CFBB7 /* NetCore.swift in Sources */ = {isa = PBXBuildFile; fileRef = 6F64CF172A73E431003CFBB7 /* NetCore.swift */; };
		6F64CF1C2A73E543003CFBB7 /* PMKFoundation in Frameworks */ = {isa = PBXBuildFile; productRef = 6F64CF1B2A73E543003CFBB7 /* PMKFoundation */; };
		6F64CF1E2A73E567003CFBB7 /* NetworkManager.swift in Sources */ = {isa = PBXBuildFile; fileRef = 6F64CF1D2A73E567003CFBB7 /* NetworkManager.swift */; };
		6F64CF212A73E599003CFBB7 /* KeychainAccess in Frameworks */ = {isa = PBXBuildFile; productRef = 6F64CF202A73E599003CFBB7 /* KeychainAccess */; };
		6F64CF242A73E64E003CFBB7 /* BaseViewController.swift in Sources */ = {isa = PBXBuildFile; fileRef = 6F64CF232A73E64E003CFBB7 /* BaseViewController.swift */; };
		6F64CF272A73E667003CFBB7 /* IQKeyboardManagerSwift in Frameworks */ = {isa = PBXBuildFile; productRef = 6F64CF262A73E667003CFBB7 /* IQKeyboardManagerSwift */; };
		6F64CF292A73E690003CFBB7 /* Spinner.swift in Sources */ = {isa = PBXBuildFile; fileRef = 6F64CF282A73E690003CFBB7 /* Spinner.swift */; };
		6F64CF2C2A74007F003CFBB7 /* SDWebImage in Frameworks */ = {isa = PBXBuildFile; productRef = 6F64CF2B2A74007F003CFBB7 /* SDWebImage */; };
		6F64CF2F2A7400CC003CFBB7 /* Toast in Frameworks */ = {isa = PBXBuildFile; productRef = 6F64CF2E2A7400CC003CFBB7 /* Toast */; };
		6F64CF342A740220003CFBB7 /* InitModel.swift in Sources */ = {isa = PBXBuildFile; fileRef = 6F64CF332A74021F003CFBB7 /* InitModel.swift */; };
		6F64CF382A7406F2003CFBB7 /* LoginViewController.swift in Sources */ = {isa = PBXBuildFile; fileRef = 6F64CF372A7406F2003CFBB7 /* LoginViewController.swift */; };
		6F64CF3D2A740C9E003CFBB7 /* Offers.storyboard in Resources */ = {isa = PBXBuildFile; fileRef = 6F64CF3C2A740C9E003CFBB7 /* Offers.storyboard */; };
		6F64CF3F2A740CB5003CFBB7 /* OffersController.swift in Sources */ = {isa = PBXBuildFile; fileRef = 6F64CF3E2A740CB5003CFBB7 /* OffersController.swift */; };
		6F64CF412A740D0B003CFBB7 /* UnivercityController.swift in Sources */ = {isa = PBXBuildFile; fileRef = 6F64CF402A740D0B003CFBB7 /* UnivercityController.swift */; };
		6F64CF442A740D43003CFBB7 /* Tabbar.storyboard in Resources */ = {isa = PBXBuildFile; fileRef = 6F64CF432A740D43003CFBB7 /* Tabbar.storyboard */; };
		6F64CF462A740E32003CFBB7 /* TabBarController.swift in Sources */ = {isa = PBXBuildFile; fileRef = 6F64CF452A740E32003CFBB7 /* TabBarController.swift */; };
		6F64CF4B2A7411EF003CFBB7 /* ProfileViewController.swift in Sources */ = {isa = PBXBuildFile; fileRef = 6F64CF4A2A7411EF003CFBB7 /* ProfileViewController.swift */; };
		6F64CF4E2A74129B003CFBB7 /* UserManager.swift in Sources */ = {isa = PBXBuildFile; fileRef = 6F64CF4D2A74129B003CFBB7 /* UserManager.swift */; };
		6F64CF512A7419BB003CFBB7 /* UniversityCell.swift in Sources */ = {isa = PBXBuildFile; fileRef = 6F64CF502A7419BB003CFBB7 /* UniversityCell.swift */; };
		6F64CF542A742845003CFBB7 /* ImageCell.swift in Sources */ = {isa = PBXBuildFile; fileRef = 6F64CF532A742845003CFBB7 /* ImageCell.swift */; };
		6F64CF562A742C86003CFBB7 /* DescriptionCell.swift in Sources */ = {isa = PBXBuildFile; fileRef = 6F64CF552A742C86003CFBB7 /* DescriptionCell.swift */; };
		6F64CF582A742E25003CFBB7 /* FacultyCell.swift in Sources */ = {isa = PBXBuildFile; fileRef = 6F64CF572A742E25003CFBB7 /* FacultyCell.swift */; };
		6F64CF5A2A743E46003CFBB7 /* AboutFacultyViewController.swift in Sources */ = {isa = PBXBuildFile; fileRef = 6F64CF592A743E46003CFBB7 /* AboutFacultyViewController.swift */; };
		6F64CF5C2A743FA5003CFBB7 /* MainModel.swift in Sources */ = {isa = PBXBuildFile; fileRef = 6F64CF5B2A743FA5003CFBB7 /* MainModel.swift */; };
		6F64CF5F2A7444DF003CFBB7 /* Profile.storyboard in Resources */ = {isa = PBXBuildFile; fileRef = 6F64CF5E2A7444DF003CFBB7 /* Profile.storyboard */; };
		6F64CF622A744758003CFBB7 /* UIView + Extensions.swift in Sources */ = {isa = PBXBuildFile; fileRef = 6F64CF612A744758003CFBB7 /* UIView + Extensions.swift */; };
		6F64CF642A7452BB003CFBB7 /* SelectTargetController.swift in Sources */ = {isa = PBXBuildFile; fileRef = 6F64CF632A7452BB003CFBB7 /* SelectTargetController.swift */; };
		6F64CF662A745315003CFBB7 /* TargetProfileTableCell.swift in Sources */ = {isa = PBXBuildFile; fileRef = 6F64CF652A745315003CFBB7 /* TargetProfileTableCell.swift */; };
		6F64CF682A74D9EA003CFBB7 /* DocksViewController.swift in Sources */ = {isa = PBXBuildFile; fileRef = 6F64CF672A74D9EA003CFBB7 /* DocksViewController.swift */; };
		6F64CF6A2A74DA57003CFBB7 /* AchievementViewController.swift in Sources */ = {isa = PBXBuildFile; fileRef = 6F64CF692A74DA57003CFBB7 /* AchievementViewController.swift */; };
		6F64CF6C2A74DA9D003CFBB7 /* OnlineDiaryController.swift in Sources */ = {isa = PBXBuildFile; fileRef = 6F64CF6B2A74DA9D003CFBB7 /* OnlineDiaryController.swift */; };
		6F64CF6E2A74DB45003CFBB7 /* PopupAchivmentController.swift in Sources */ = {isa = PBXBuildFile; fileRef = 6F64CF6D2A74DB45003CFBB7 /* PopupAchivmentController.swift */; };
		6F64CF732A74F013003CFBB7 /* ProfileModel.swift in Sources */ = {isa = PBXBuildFile; fileRef = 6F64CF722A74F013003CFBB7 /* ProfileModel.swift */; };
		6F64CF752A74F118003CFBB7 /* AchivmentsTAbleViewCell.swift in Sources */ = {isa = PBXBuildFile; fileRef = 6F64CF742A74F118003CFBB7 /* AchivmentsTAbleViewCell.swift */; };
		6F64CF782A74FBE8003CFBB7 /* Wormholy in Frameworks */ = {isa = PBXBuildFile; productRef = 6F64CF772A74FBE8003CFBB7 /* Wormholy */; };
		6F64CF7B2A75242D003CFBB7 /* Credits.storyboard in Resources */ = {isa = PBXBuildFile; fileRef = 6F64CF7A2A75242D003CFBB7 /* Credits.storyboard */; };
		6F64CF7D2A75243C003CFBB7 /* CreditsController.swift in Sources */ = {isa = PBXBuildFile; fileRef = 6F64CF7C2A75243C003CFBB7 /* CreditsController.swift */; };
		6F64CF7F2A75286F003CFBB7 /* CreditsTableViewCell.swift in Sources */ = {isa = PBXBuildFile; fileRef = 6F64CF7E2A75286F003CFBB7 /* CreditsTableViewCell.swift */; };
		6F64CF822A752DDB003CFBB7 /* Help.storyboard in Resources */ = {isa = PBXBuildFile; fileRef = 6F64CF812A752DDB003CFBB7 /* Help.storyboard */; };
		6F64CF842A752DE7003CFBB7 /* HelpViewController.swift in Sources */ = {isa = PBXBuildFile; fileRef = 6F64CF832A752DE7003CFBB7 /* HelpViewController.swift */; };
		6F64CF862A753044003CFBB7 /* HelpTableViewCell.swift in Sources */ = {isa = PBXBuildFile; fileRef = 6F64CF852A753044003CFBB7 /* HelpTableViewCell.swift */; };
		6F64CF882A7534B9003CFBB7 /* NotificationsController.swift in Sources */ = {isa = PBXBuildFile; fileRef = 6F64CF872A7534B9003CFBB7 /* NotificationsController.swift */; };
		6F64CF8A2A753C3D003CFBB7 /* NotificationsTableViewCell.swift in Sources */ = {isa = PBXBuildFile; fileRef = 6F64CF892A753C3D003CFBB7 /* NotificationsTableViewCell.swift */; };
		6F64CF8C2A75448B003CFBB7 /* Int + Extensions.swift in Sources */ = {isa = PBXBuildFile; fileRef = 6F64CF8B2A75448B003CFBB7 /* Int + Extensions.swift */; };
		6F64CF8E2A755BBC003CFBB7 /* WelcomeViewController.swift in Sources */ = {isa = PBXBuildFile; fileRef = 6F64CF8D2A755BBC003CFBB7 /* WelcomeViewController.swift */; };
		6F64CF902A756531003CFBB7 /* GosuslugiController.swift in Sources */ = {isa = PBXBuildFile; fileRef = 6F64CF8F2A756531003CFBB7 /* GosuslugiController.swift */; };
		6F64CF932A757BDC003CFBB7 /* Constants.swift in Sources */ = {isa = PBXBuildFile; fileRef = 6F64CF922A757BDC003CFBB7 /* Constants.swift */; };
		6F64CF962A757C6D003CFBB7 /* SelectGengerController.swift in Sources */ = {isa = PBXBuildFile; fileRef = 6F64CF952A757C6D003CFBB7 /* SelectGengerController.swift */; };
		6F64CF982A757DD8003CFBB7 /* GenderTxetField.swift in Sources */ = {isa = PBXBuildFile; fileRef = 6F64CF972A757DD8003CFBB7 /* GenderTxetField.swift */; };
		6F64CF9A2A757FC0003CFBB7 /* BirthDateController.swift in Sources */ = {isa = PBXBuildFile; fileRef = 6F64CF992A757FC0003CFBB7 /* BirthDateController.swift */; };
		6F64CF9C2A757FFE003CFBB7 /* UIDatePickerController + ext.swift in Sources */ = {isa = PBXBuildFile; fileRef = 6F64CF9B2A757FFE003CFBB7 /* UIDatePickerController + ext.swift */; };
/* End PBXBuildFile section */

/* Begin PBXFileReference section */
		6F64CEF52A73E143003CFBB7 /* hackathon2808.app */ = {isa = PBXFileReference; explicitFileType = wrapper.application; includeInIndex = 0; path = hackathon2808.app; sourceTree = BUILT_PRODUCTS_DIR; };
		6F64CEF82A73E143003CFBB7 /* AppDelegate.swift */ = {isa = PBXFileReference; lastKnownFileType = sourcecode.swift; path = AppDelegate.swift; sourceTree = "<group>"; };
		6F64CEFA2A73E143003CFBB7 /* SceneDelegate.swift */ = {isa = PBXFileReference; lastKnownFileType = sourcecode.swift; path = SceneDelegate.swift; sourceTree = "<group>"; };
		6F64CEFC2A73E143003CFBB7 /* InitialViewController.swift */ = {isa = PBXFileReference; lastKnownFileType = sourcecode.swift; path = InitialViewController.swift; sourceTree = "<group>"; };
		6F64CEFF2A73E143003CFBB7 /* Base */ = {isa = PBXFileReference; lastKnownFileType = file.storyboard; name = Base; path = Base.lproj/Main.storyboard; sourceTree = "<group>"; };
		6F64CF012A73E144003CFBB7 /* Assets.xcassets */ = {isa = PBXFileReference; lastKnownFileType = folder.assetcatalog; path = Assets.xcassets; sourceTree = "<group>"; };
		6F64CF042A73E144003CFBB7 /* Base */ = {isa = PBXFileReference; lastKnownFileType = file.storyboard; name = Base; path = Base.lproj/LaunchScreen.storyboard; sourceTree = "<group>"; };
		6F64CF062A73E144003CFBB7 /* Info.plist */ = {isa = PBXFileReference; lastKnownFileType = text.plist.xml; path = Info.plist; sourceTree = "<group>"; };
		6F64CF172A73E431003CFBB7 /* NetCore.swift */ = {isa = PBXFileReference; lastKnownFileType = sourcecode.swift; path = NetCore.swift; sourceTree = "<group>"; };
		6F64CF1D2A73E567003CFBB7 /* NetworkManager.swift */ = {isa = PBXFileReference; lastKnownFileType = sourcecode.swift; path = NetworkManager.swift; sourceTree = "<group>"; };
		6F64CF232A73E64E003CFBB7 /* BaseViewController.swift */ = {isa = PBXFileReference; lastKnownFileType = sourcecode.swift; path = BaseViewController.swift; sourceTree = "<group>"; };
		6F64CF282A73E690003CFBB7 /* Spinner.swift */ = {isa = PBXFileReference; lastKnownFileType = sourcecode.swift; path = Spinner.swift; sourceTree = "<group>"; };
		6F64CF332A74021F003CFBB7 /* InitModel.swift */ = {isa = PBXFileReference; lastKnownFileType = sourcecode.swift; path = InitModel.swift; sourceTree = "<group>"; };
		6F64CF372A7406F2003CFBB7 /* LoginViewController.swift */ = {isa = PBXFileReference; lastKnownFileType = sourcecode.swift; path = LoginViewController.swift; sourceTree = "<group>"; };
		6F64CF3C2A740C9E003CFBB7 /* Offers.storyboard */ = {isa = PBXFileReference; lastKnownFileType = file.storyboard; path = Offers.storyboard; sourceTree = "<group>"; };
		6F64CF3E2A740CB5003CFBB7 /* OffersController.swift */ = {isa = PBXFileReference; lastKnownFileType = sourcecode.swift; path = OffersController.swift; sourceTree = "<group>"; };
		6F64CF402A740D0B003CFBB7 /* UnivercityController.swift */ = {isa = PBXFileReference; lastKnownFileType = sourcecode.swift; path = UnivercityController.swift; sourceTree = "<group>"; };
		6F64CF432A740D43003CFBB7 /* Tabbar.storyboard */ = {isa = PBXFileReference; lastKnownFileType = file.storyboard; path = Tabbar.storyboard; sourceTree = "<group>"; };
		6F64CF452A740E32003CFBB7 /* TabBarController.swift */ = {isa = PBXFileReference; lastKnownFileType = sourcecode.swift; path = TabBarController.swift; sourceTree = "<group>"; };
		6F64CF4A2A7411EF003CFBB7 /* ProfileViewController.swift */ = {isa = PBXFileReference; lastKnownFileType = sourcecode.swift; path = ProfileViewController.swift; sourceTree = "<group>"; };
		6F64CF4D2A74129B003CFBB7 /* UserManager.swift */ = {isa = PBXFileReference; lastKnownFileType = sourcecode.swift; path = UserManager.swift; sourceTree = "<group>"; };
		6F64CF502A7419BB003CFBB7 /* UniversityCell.swift */ = {isa = PBXFileReference; lastKnownFileType = sourcecode.swift; path = UniversityCell.swift; sourceTree = "<group>"; };
		6F64CF532A742845003CFBB7 /* ImageCell.swift */ = {isa = PBXFileReference; lastKnownFileType = sourcecode.swift; path = ImageCell.swift; sourceTree = "<group>"; };
		6F64CF552A742C86003CFBB7 /* DescriptionCell.swift */ = {isa = PBXFileReference; lastKnownFileType = sourcecode.swift; path = DescriptionCell.swift; sourceTree = "<group>"; };
		6F64CF572A742E25003CFBB7 /* FacultyCell.swift */ = {isa = PBXFileReference; lastKnownFileType = sourcecode.swift; path = FacultyCell.swift; sourceTree = "<group>"; };
		6F64CF592A743E46003CFBB7 /* AboutFacultyViewController.swift */ = {isa = PBXFileReference; lastKnownFileType = sourcecode.swift; path = AboutFacultyViewController.swift; sourceTree = "<group>"; };
		6F64CF5B2A743FA5003CFBB7 /* MainModel.swift */ = {isa = PBXFileReference; lastKnownFileType = sourcecode.swift; path = MainModel.swift; sourceTree = "<group>"; };
		6F64CF5E2A7444DF003CFBB7 /* Profile.storyboard */ = {isa = PBXFileReference; lastKnownFileType = file.storyboard; path = Profile.storyboard; sourceTree = "<group>"; };
		6F64CF612A744758003CFBB7 /* UIView + Extensions.swift */ = {isa = PBXFileReference; lastKnownFileType = sourcecode.swift; path = "UIView + Extensions.swift"; sourceTree = "<group>"; };
		6F64CF632A7452BB003CFBB7 /* SelectTargetController.swift */ = {isa = PBXFileReference; lastKnownFileType = sourcecode.swift; path = SelectTargetController.swift; sourceTree = "<group>"; };
		6F64CF652A745315003CFBB7 /* TargetProfileTableCell.swift */ = {isa = PBXFileReference; lastKnownFileType = sourcecode.swift; path = TargetProfileTableCell.swift; sourceTree = "<group>"; };
		6F64CF672A74D9EA003CFBB7 /* DocksViewController.swift */ = {isa = PBXFileReference; lastKnownFileType = sourcecode.swift; path = DocksViewController.swift; sourceTree = "<group>"; };
		6F64CF692A74DA57003CFBB7 /* AchievementViewController.swift */ = {isa = PBXFileReference; lastKnownFileType = sourcecode.swift; path = AchievementViewController.swift; sourceTree = "<group>"; };
		6F64CF6B2A74DA9D003CFBB7 /* OnlineDiaryController.swift */ = {isa = PBXFileReference; lastKnownFileType = sourcecode.swift; path = OnlineDiaryController.swift; sourceTree = "<group>"; };
		6F64CF6D2A74DB45003CFBB7 /* PopupAchivmentController.swift */ = {isa = PBXFileReference; lastKnownFileType = sourcecode.swift; path = PopupAchivmentController.swift; sourceTree = "<group>"; };
		6F64CF722A74F013003CFBB7 /* ProfileModel.swift */ = {isa = PBXFileReference; lastKnownFileType = sourcecode.swift; path = ProfileModel.swift; sourceTree = "<group>"; };
		6F64CF742A74F118003CFBB7 /* AchivmentsTAbleViewCell.swift */ = {isa = PBXFileReference; lastKnownFileType = sourcecode.swift; path = AchivmentsTAbleViewCell.swift; sourceTree = "<group>"; };
		6F64CF7A2A75242D003CFBB7 /* Credits.storyboard */ = {isa = PBXFileReference; lastKnownFileType = file.storyboard; path = Credits.storyboard; sourceTree = "<group>"; };
		6F64CF7C2A75243C003CFBB7 /* CreditsController.swift */ = {isa = PBXFileReference; lastKnownFileType = sourcecode.swift; path = CreditsController.swift; sourceTree = "<group>"; };
		6F64CF7E2A75286F003CFBB7 /* CreditsTableViewCell.swift */ = {isa = PBXFileReference; lastKnownFileType = sourcecode.swift; path = CreditsTableViewCell.swift; sourceTree = "<group>"; };
		6F64CF812A752DDB003CFBB7 /* Help.storyboard */ = {isa = PBXFileReference; lastKnownFileType = file.storyboard; path = Help.storyboard; sourceTree = "<group>"; };
		6F64CF832A752DE7003CFBB7 /* HelpViewController.swift */ = {isa = PBXFileReference; lastKnownFileType = sourcecode.swift; path = HelpViewController.swift; sourceTree = "<group>"; };
		6F64CF852A753044003CFBB7 /* HelpTableViewCell.swift */ = {isa = PBXFileReference; lastKnownFileType = sourcecode.swift; path = HelpTableViewCell.swift; sourceTree = "<group>"; };
		6F64CF872A7534B9003CFBB7 /* NotificationsController.swift */ = {isa = PBXFileReference; lastKnownFileType = sourcecode.swift; path = NotificationsController.swift; sourceTree = "<group>"; };
		6F64CF892A753C3D003CFBB7 /* NotificationsTableViewCell.swift */ = {isa = PBXFileReference; lastKnownFileType = sourcecode.swift; path = NotificationsTableViewCell.swift; sourceTree = "<group>"; };
		6F64CF8B2A75448B003CFBB7 /* Int + Extensions.swift */ = {isa = PBXFileReference; lastKnownFileType = sourcecode.swift; path = "Int + Extensions.swift"; sourceTree = "<group>"; };
		6F64CF8D2A755BBC003CFBB7 /* WelcomeViewController.swift */ = {isa = PBXFileReference; lastKnownFileType = sourcecode.swift; path = WelcomeViewController.swift; sourceTree = "<group>"; };
		6F64CF8F2A756531003CFBB7 /* GosuslugiController.swift */ = {isa = PBXFileReference; lastKnownFileType = sourcecode.swift; path = GosuslugiController.swift; sourceTree = "<group>"; };
		6F64CF922A757BDC003CFBB7 /* Constants.swift */ = {isa = PBXFileReference; lastKnownFileType = sourcecode.swift; path = Constants.swift; sourceTree = "<group>"; };
		6F64CF952A757C6D003CFBB7 /* SelectGengerController.swift */ = {isa = PBXFileReference; lastKnownFileType = sourcecode.swift; path = SelectGengerController.swift; sourceTree = "<group>"; };
		6F64CF972A757DD8003CFBB7 /* GenderTxetField.swift */ = {isa = PBXFileReference; lastKnownFileType = sourcecode.swift; path = GenderTxetField.swift; sourceTree = "<group>"; };
		6F64CF992A757FC0003CFBB7 /* BirthDateController.swift */ = {isa = PBXFileReference; lastKnownFileType = sourcecode.swift; path = BirthDateController.swift; sourceTree = "<group>"; };
		6F64CF9B2A757FFE003CFBB7 /* UIDatePickerController + ext.swift */ = {isa = PBXFileReference; lastKnownFileType = sourcecode.swift; path = "UIDatePickerController + ext.swift"; sourceTree = "<group>"; };
/* End PBXFileReference section */

/* Begin PBXFrameworksBuildPhase section */
		6F64CEF22A73E143003CFBB7 /* Frameworks */ = {
			isa = PBXFrameworksBuildPhase;
			buildActionMask = 2147483647;
			files = (
				6F64CF2F2A7400CC003CFBB7 /* Toast in Frameworks */,
				6F64CF1C2A73E543003CFBB7 /* PMKFoundation in Frameworks */,
				6F64CF272A73E667003CFBB7 /* IQKeyboardManagerSwift in Frameworks */,
				6F64CF782A74FBE8003CFBB7 /* Wormholy in Frameworks */,
				6F64CF212A73E599003CFBB7 /* KeychainAccess in Frameworks */,
				6F64CF2C2A74007F003CFBB7 /* SDWebImage in Frameworks */,
			);
			runOnlyForDeploymentPostprocessing = 0;
		};
/* End PBXFrameworksBuildPhase section */

/* Begin PBXGroup section */
		6F64CEEC2A73E143003CFBB7 = {
			isa = PBXGroup;
			children = (
				6F64CEF72A73E143003CFBB7 /* hackathon2808 */,
				6F64CEF62A73E143003CFBB7 /* Products */,
			);
			sourceTree = "<group>";
		};
		6F64CEF62A73E143003CFBB7 /* Products */ = {
			isa = PBXGroup;
			children = (
				6F64CEF52A73E143003CFBB7 /* hackathon2808.app */,
			);
			name = Products;
			sourceTree = "<group>";
		};
		6F64CEF72A73E143003CFBB7 /* hackathon2808 */ = {
			isa = PBXGroup;
			children = (
				6F64CF122A73E2A1003CFBB7 /* Application */,
				6F64CF912A757BC6003CFBB7 /* Constants */,
				6F64CF602A744745003CFBB7 /* Extensions */,
				6F64CF4C2A74128E003CFBB7 /* Managers */,
				6F64CF162A73E3D3003CFBB7 /* Network */,
				6F64CF152A73E3B3003CFBB7 /* Initial */,
				6F64CF5D2A7444B3003CFBB7 /* Profile */,
				6F64CF392A740C62003CFBB7 /* Main */,
				6F64CF792A7523F0003CFBB7 /* Credits */,
				6F64CF802A752DCC003CFBB7 /* Help */,
				6F64CF422A740D36003CFBB7 /* Tabbar */,
				6F64CF222A73E63C003CFBB7 /* UI */,
				6F64CF142A73E2BF003CFBB7 /* SupportingFiles */,
			);
			path = hackathon2808;
			sourceTree = "<group>";
		};
		6F64CF122A73E2A1003CFBB7 /* Application */ = {
			isa = PBXGroup;
			children = (
				6F64CEFA2A73E143003CFBB7 /* SceneDelegate.swift */,
				6F64CEF82A73E143003CFBB7 /* AppDelegate.swift */,
			);
			path = Application;
			sourceTree = "<group>";
		};
		6F64CF142A73E2BF003CFBB7 /* SupportingFiles */ = {
			isa = PBXGroup;
			children = (
				6F64CF062A73E144003CFBB7 /* Info.plist */,
				6F64CF012A73E144003CFBB7 /* Assets.xcassets */,
				6F64CF032A73E144003CFBB7 /* LaunchScreen.storyboard */,
			);
			path = SupportingFiles;
			sourceTree = "<group>";
		};
		6F64CF152A73E3B3003CFBB7 /* Initial */ = {
			isa = PBXGroup;
			children = (
				6F64CF302A7401C9003CFBB7 /* Model */,
				6F64CF312A7401D4003CFBB7 /* View */,
				6F64CF322A7401DC003CFBB7 /* Controller */,
			);
			path = Initial;
			sourceTree = "<group>";
		};
		6F64CF162A73E3D3003CFBB7 /* Network */ = {
			isa = PBXGroup;
			children = (
				6F64CF172A73E431003CFBB7 /* NetCore.swift */,
				6F64CF1D2A73E567003CFBB7 /* NetworkManager.swift */,
			);
			path = Network;
			sourceTree = "<group>";
		};
		6F64CF222A73E63C003CFBB7 /* UI */ = {
			isa = PBXGroup;
			children = (
				6F64CF232A73E64E003CFBB7 /* BaseViewController.swift */,
				6F64CF282A73E690003CFBB7 /* Spinner.swift */,
			);
			path = UI;
			sourceTree = "<group>";
		};
		6F64CF302A7401C9003CFBB7 /* Model */ = {
			isa = PBXGroup;
			children = (
				6F64CF332A74021F003CFBB7 /* InitModel.swift */,
			);
			path = Model;
			sourceTree = "<group>";
		};
		6F64CF312A7401D4003CFBB7 /* View */ = {
			isa = PBXGroup;
			children = (
				6F64CEFE2A73E143003CFBB7 /* Main.storyboard */,
			);
			path = View;
			sourceTree = "<group>";
		};
		6F64CF322A7401DC003CFBB7 /* Controller */ = {
			isa = PBXGroup;
			children = (
				6F64CEFC2A73E143003CFBB7 /* InitialViewController.swift */,
				6F64CF372A7406F2003CFBB7 /* LoginViewController.swift */,
				6F64CF8D2A755BBC003CFBB7 /* WelcomeViewController.swift */,
				6F64CF8F2A756531003CFBB7 /* GosuslugiController.swift */,
			);
			path = Controller;
			sourceTree = "<group>";
		};
		6F64CF392A740C62003CFBB7 /* Main */ = {
			isa = PBXGroup;
			children = (
				6F64CF482A7410BB003CFBB7 /* Model */,
				6F64CF472A7410B7003CFBB7 /* View */,
				6F64CF492A7410BF003CFBB7 /* Controller */,
			);
			path = Main;
			sourceTree = "<group>";
		};
		6F64CF422A740D36003CFBB7 /* Tabbar */ = {
			isa = PBXGroup;
			children = (
				6F64CF432A740D43003CFBB7 /* Tabbar.storyboard */,
				6F64CF452A740E32003CFBB7 /* TabBarController.swift */,
			);
			path = Tabbar;
			sourceTree = "<group>";
		};
		6F64CF472A7410B7003CFBB7 /* View */ = {
			isa = PBXGroup;
			children = (
				6F64CF4F2A741710003CFBB7 /* Cells */,
				6F64CF3C2A740C9E003CFBB7 /* Offers.storyboard */,
			);
			path = View;
			sourceTree = "<group>";
		};
		6F64CF482A7410BB003CFBB7 /* Model */ = {
			isa = PBXGroup;
			children = (
				6F64CF5B2A743FA5003CFBB7 /* MainModel.swift */,
			);
			path = Model;
			sourceTree = "<group>";
		};
		6F64CF492A7410BF003CFBB7 /* Controller */ = {
			isa = PBXGroup;
			children = (
				6F64CF3E2A740CB5003CFBB7 /* OffersController.swift */,
				6F64CF402A740D0B003CFBB7 /* UnivercityController.swift */,
				6F64CF592A743E46003CFBB7 /* AboutFacultyViewController.swift */,
				6F64CF872A7534B9003CFBB7 /* NotificationsController.swift */,
			);
			path = Controller;
			sourceTree = "<group>";
		};
		6F64CF4C2A74128E003CFBB7 /* Managers */ = {
			isa = PBXGroup;
			children = (
				6F64CF4D2A74129B003CFBB7 /* UserManager.swift */,
			);
			path = Managers;
			sourceTree = "<group>";
		};
		6F64CF4F2A741710003CFBB7 /* Cells */ = {
			isa = PBXGroup;
			children = (
				6F64CF522A74282B003CFBB7 /* UnivercityControllerCells */,
				6F64CF502A7419BB003CFBB7 /* UniversityCell.swift */,
			);
			path = Cells;
			sourceTree = "<group>";
		};
		6F64CF522A74282B003CFBB7 /* UnivercityControllerCells */ = {
			isa = PBXGroup;
			children = (
				6F64CF532A742845003CFBB7 /* ImageCell.swift */,
				6F64CF552A742C86003CFBB7 /* DescriptionCell.swift */,
				6F64CF572A742E25003CFBB7 /* FacultyCell.swift */,
				6F64CF892A753C3D003CFBB7 /* NotificationsTableViewCell.swift */,
			);
			path = UnivercityControllerCells;
			sourceTree = "<group>";
		};
		6F64CF5D2A7444B3003CFBB7 /* Profile */ = {
			isa = PBXGroup;
			children = (
				6F64CF712A74DE34003CFBB7 /* Model */,
				6F64CF6F2A74DE2A003CFBB7 /* View */,
				6F64CF702A74DE2F003CFBB7 /* Controller */,
				6F64CF942A757C49003CFBB7 /* PresentationControllers */,
			);
			path = Profile;
			sourceTree = "<group>";
		};
		6F64CF602A744745003CFBB7 /* Extensions */ = {
			isa = PBXGroup;
			children = (
				6F64CF612A744758003CFBB7 /* UIView + Extensions.swift */,
				6F64CF8B2A75448B003CFBB7 /* Int + Extensions.swift */,
				6F64CF9B2A757FFE003CFBB7 /* UIDatePickerController + ext.swift */,
			);
			path = Extensions;
			sourceTree = "<group>";
		};
		6F64CF6F2A74DE2A003CFBB7 /* View */ = {
			isa = PBXGroup;
			children = (
				6F64CF652A745315003CFBB7 /* TargetProfileTableCell.swift */,
				6F64CF5E2A7444DF003CFBB7 /* Profile.storyboard */,
				6F64CF742A74F118003CFBB7 /* AchivmentsTAbleViewCell.swift */,
				6F64CF972A757DD8003CFBB7 /* GenderTxetField.swift */,
			);
			path = View;
			sourceTree = "<group>";
		};
		6F64CF702A74DE2F003CFBB7 /* Controller */ = {
			isa = PBXGroup;
			children = (
				6F64CF4A2A7411EF003CFBB7 /* ProfileViewController.swift */,
				6F64CF632A7452BB003CFBB7 /* SelectTargetController.swift */,
				6F64CF672A74D9EA003CFBB7 /* DocksViewController.swift */,
				6F64CF692A74DA57003CFBB7 /* AchievementViewController.swift */,
				6F64CF6B2A74DA9D003CFBB7 /* OnlineDiaryController.swift */,
				6F64CF6D2A74DB45003CFBB7 /* PopupAchivmentController.swift */,
			);
			path = Controller;
			sourceTree = "<group>";
		};
		6F64CF712A74DE34003CFBB7 /* Model */ = {
			isa = PBXGroup;
			children = (
				6F64CF722A74F013003CFBB7 /* ProfileModel.swift */,
			);
			path = Model;
			sourceTree = "<group>";
		};
		6F64CF792A7523F0003CFBB7 /* Credits */ = {
			isa = PBXGroup;
			children = (
				6F64CF7A2A75242D003CFBB7 /* Credits.storyboard */,
				6F64CF7C2A75243C003CFBB7 /* CreditsController.swift */,
				6F64CF7E2A75286F003CFBB7 /* CreditsTableViewCell.swift */,
			);
			path = Credits;
			sourceTree = "<group>";
		};
		6F64CF802A752DCC003CFBB7 /* Help */ = {
			isa = PBXGroup;
			children = (
				6F64CF812A752DDB003CFBB7 /* Help.storyboard */,
				6F64CF832A752DE7003CFBB7 /* HelpViewController.swift */,
				6F64CF852A753044003CFBB7 /* HelpTableViewCell.swift */,
			);
			path = Help;
			sourceTree = "<group>";
		};
		6F64CF912A757BC6003CFBB7 /* Constants */ = {
			isa = PBXGroup;
			children = (
				6F64CF922A757BDC003CFBB7 /* Constants.swift */,
			);
			path = Constants;
			sourceTree = "<group>";
		};
		6F64CF942A757C49003CFBB7 /* PresentationControllers */ = {
			isa = PBXGroup;
			children = (
				6F64CF952A757C6D003CFBB7 /* SelectGengerController.swift */,
				6F64CF992A757FC0003CFBB7 /* BirthDateController.swift */,
			);
			path = PresentationControllers;
			sourceTree = "<group>";
		};
/* End PBXGroup section */

/* Begin PBXNativeTarget section */
		6F64CEF42A73E143003CFBB7 /* hackathon2808 */ = {
			isa = PBXNativeTarget;
			buildConfigurationList = 6F64CF092A73E144003CFBB7 /* Build configuration list for PBXNativeTarget "hackathon2808" */;
			buildPhases = (
				6F64CEF12A73E143003CFBB7 /* Sources */,
				6F64CEF22A73E143003CFBB7 /* Frameworks */,
				6F64CEF32A73E143003CFBB7 /* Resources */,
			);
			buildRules = (
			);
			dependencies = (
			);
			name = hackathon2808;
			packageProductDependencies = (
				6F64CF1B2A73E543003CFBB7 /* PMKFoundation */,
				6F64CF202A73E599003CFBB7 /* KeychainAccess */,
				6F64CF262A73E667003CFBB7 /* IQKeyboardManagerSwift */,
				6F64CF2B2A74007F003CFBB7 /* SDWebImage */,
				6F64CF2E2A7400CC003CFBB7 /* Toast */,
				6F64CF772A74FBE8003CFBB7 /* Wormholy */,
			);
			productName = hackathon2808;
			productReference = 6F64CEF52A73E143003CFBB7 /* hackathon2808.app */;
			productType = "com.apple.product-type.application";
		};
/* End PBXNativeTarget section */

/* Begin PBXProject section */
		6F64CEED2A73E143003CFBB7 /* Project object */ = {
			isa = PBXProject;
			attributes = {
				BuildIndependentTargetsInParallel = 1;
				LastSwiftUpdateCheck = 1430;
				LastUpgradeCheck = 1430;
				TargetAttributes = {
					6F64CEF42A73E143003CFBB7 = {
						CreatedOnToolsVersion = 14.3;
					};
				};
			};
			buildConfigurationList = 6F64CEF02A73E143003CFBB7 /* Build configuration list for PBXProject "hackathon2808" */;
			compatibilityVersion = "Xcode 14.0";
			developmentRegion = en;
			hasScannedForEncodings = 0;
			knownRegions = (
				en,
				Base,
			);
			mainGroup = 6F64CEEC2A73E143003CFBB7;
			packageReferences = (
				6F64CF1A2A73E543003CFBB7 /* XCRemoteSwiftPackageReference "Foundation" */,
				6F64CF1F2A73E599003CFBB7 /* XCRemoteSwiftPackageReference "KeychainAccess" */,
				6F64CF252A73E667003CFBB7 /* XCRemoteSwiftPackageReference "IQKeyboardManager" */,
				6F64CF2A2A74007F003CFBB7 /* XCRemoteSwiftPackageReference "SDWebImage" */,
				6F64CF2D2A7400CC003CFBB7 /* XCRemoteSwiftPackageReference "Toast-Swift" */,
				6F64CF762A74FBE8003CFBB7 /* XCRemoteSwiftPackageReference "Wormholy" */,
			);
			productRefGroup = 6F64CEF62A73E143003CFBB7 /* Products */;
			projectDirPath = "";
			projectRoot = "";
			targets = (
				6F64CEF42A73E143003CFBB7 /* hackathon2808 */,
			);
		};
/* End PBXProject section */

/* Begin PBXResourcesBuildPhase section */
		6F64CEF32A73E143003CFBB7 /* Resources */ = {
			isa = PBXResourcesBuildPhase;
			buildActionMask = 2147483647;
			files = (
				6F64CF5F2A7444DF003CFBB7 /* Profile.storyboard in Resources */,
				6F64CF442A740D43003CFBB7 /* Tabbar.storyboard in Resources */,
				6F64CF7B2A75242D003CFBB7 /* Credits.storyboard in Resources */,
				6F64CF052A73E144003CFBB7 /* LaunchScreen.storyboard in Resources */,
				6F64CF3D2A740C9E003CFBB7 /* Offers.storyboard in Resources */,
				6F64CF022A73E144003CFBB7 /* Assets.xcassets in Resources */,
				6F64CF002A73E143003CFBB7 /* Main.storyboard in Resources */,
				6F64CF822A752DDB003CFBB7 /* Help.storyboard in Resources */,
			);
			runOnlyForDeploymentPostprocessing = 0;
		};
/* End PBXResourcesBuildPhase section */

/* Begin PBXSourcesBuildPhase section */
		6F64CEF12A73E143003CFBB7 /* Sources */ = {
			isa = PBXSourcesBuildPhase;
			buildActionMask = 2147483647;
			files = (
				6F64CF582A742E25003CFBB7 /* FacultyCell.swift in Sources */,
				6F64CF382A7406F2003CFBB7 /* LoginViewController.swift in Sources */,
				6F64CF752A74F118003CFBB7 /* AchivmentsTAbleViewCell.swift in Sources */,
				6F64CF962A757C6D003CFBB7 /* SelectGengerController.swift in Sources */,
				6F64CF8C2A75448B003CFBB7 /* Int + Extensions.swift in Sources */,
				6F64CF342A740220003CFBB7 /* InitModel.swift in Sources */,
				6F64CF562A742C86003CFBB7 /* DescriptionCell.swift in Sources */,
				6F64CF902A756531003CFBB7 /* GosuslugiController.swift in Sources */,
				6F64CF6E2A74DB45003CFBB7 /* PopupAchivmentController.swift in Sources */,
				6F64CF4E2A74129B003CFBB7 /* UserManager.swift in Sources */,
				6F64CF8A2A753C3D003CFBB7 /* NotificationsTableViewCell.swift in Sources */,
				6F64CF182A73E431003CFBB7 /* NetCore.swift in Sources */,
				6F64CEFD2A73E143003CFBB7 /* InitialViewController.swift in Sources */,
				6F64CF682A74D9EA003CFBB7 /* DocksViewController.swift in Sources */,
				6F64CF622A744758003CFBB7 /* UIView + Extensions.swift in Sources */,
				6F64CF8E2A755BBC003CFBB7 /* WelcomeViewController.swift in Sources */,
				6F64CF662A745315003CFBB7 /* TargetProfileTableCell.swift in Sources */,
				6F64CF862A753044003CFBB7 /* HelpTableViewCell.swift in Sources */,
				6F64CF1E2A73E567003CFBB7 /* NetworkManager.swift in Sources */,
				6F64CF5C2A743FA5003CFBB7 /* MainModel.swift in Sources */,
				6F64CF292A73E690003CFBB7 /* Spinner.swift in Sources */,
				6F64CF9A2A757FC0003CFBB7 /* BirthDateController.swift in Sources */,
				6F64CF932A757BDC003CFBB7 /* Constants.swift in Sources */,
				6F64CF3F2A740CB5003CFBB7 /* OffersController.swift in Sources */,
				6F64CF732A74F013003CFBB7 /* ProfileModel.swift in Sources */,
				6F64CF7F2A75286F003CFBB7 /* CreditsTableViewCell.swift in Sources */,
				6F64CEF92A73E143003CFBB7 /* AppDelegate.swift in Sources */,
				6F64CF882A7534B9003CFBB7 /* NotificationsController.swift in Sources */,
				6F64CF512A7419BB003CFBB7 /* UniversityCell.swift in Sources */,
				6F64CEFB2A73E143003CFBB7 /* SceneDelegate.swift in Sources */,
				6F64CF462A740E32003CFBB7 /* TabBarController.swift in Sources */,
				6F64CF642A7452BB003CFBB7 /* SelectTargetController.swift in Sources */,
				6F64CF7D2A75243C003CFBB7 /* CreditsController.swift in Sources */,
				6F64CF5A2A743E46003CFBB7 /* AboutFacultyViewController.swift in Sources */,
				6F64CF6C2A74DA9D003CFBB7 /* OnlineDiaryController.swift in Sources */,
				6F64CF4B2A7411EF003CFBB7 /* ProfileViewController.swift in Sources */,
				6F64CF842A752DE7003CFBB7 /* HelpViewController.swift in Sources */,
				6F64CF542A742845003CFBB7 /* ImageCell.swift in Sources */,
				6F64CF9C2A757FFE003CFBB7 /* UIDatePickerController + ext.swift in Sources */,
				6F64CF982A757DD8003CFBB7 /* GenderTxetField.swift in Sources */,
				6F64CF412A740D0B003CFBB7 /* UnivercityController.swift in Sources */,
				6F64CF242A73E64E003CFBB7 /* BaseViewController.swift in Sources */,
				6F64CF6A2A74DA57003CFBB7 /* AchievementViewController.swift in Sources */,
			);
			runOnlyForDeploymentPostprocessing = 0;
		};
/* End PBXSourcesBuildPhase section */

/* Begin PBXVariantGroup section */
		6F64CEFE2A73E143003CFBB7 /* Main.storyboard */ = {
			isa = PBXVariantGroup;
			children = (
				6F64CEFF2A73E143003CFBB7 /* Base */,
			);
			name = Main.storyboard;
			sourceTree = "<group>";
		};
		6F64CF032A73E144003CFBB7 /* LaunchScreen.storyboard */ = {
			isa = PBXVariantGroup;
			children = (
				6F64CF042A73E144003CFBB7 /* Base */,
			);
			name = LaunchScreen.storyboard;
			sourceTree = "<group>";
		};
/* End PBXVariantGroup section */

/* Begin XCBuildConfiguration section */
		6F64CF072A73E144003CFBB7 /* Debug */ = {
			isa = XCBuildConfiguration;
			buildSettings = {
				ALWAYS_SEARCH_USER_PATHS = NO;
				CLANG_ANALYZER_NONNULL = YES;
				CLANG_ANALYZER_NUMBER_OBJECT_CONVERSION = YES_AGGRESSIVE;
				CLANG_CXX_LANGUAGE_STANDARD = "gnu++20";
				CLANG_ENABLE_MODULES = YES;
				CLANG_ENABLE_OBJC_ARC = YES;
				CLANG_ENABLE_OBJC_WEAK = YES;
				CLANG_WARN_BLOCK_CAPTURE_AUTORELEASING = YES;
				CLANG_WARN_BOOL_CONVERSION = YES;
				CLANG_WARN_COMMA = YES;
				CLANG_WARN_CONSTANT_CONVERSION = YES;
				CLANG_WARN_DEPRECATED_OBJC_IMPLEMENTATIONS = YES;
				CLANG_WARN_DIRECT_OBJC_ISA_USAGE = YES_ERROR;
				CLANG_WARN_DOCUMENTATION_COMMENTS = YES;
				CLANG_WARN_EMPTY_BODY = YES;
				CLANG_WARN_ENUM_CONVERSION = YES;
				CLANG_WARN_INFINITE_RECURSION = YES;
				CLANG_WARN_INT_CONVERSION = YES;
				CLANG_WARN_NON_LITERAL_NULL_CONVERSION = YES;
				CLANG_WARN_OBJC_IMPLICIT_RETAIN_SELF = YES;
				CLANG_WARN_OBJC_LITERAL_CONVERSION = YES;
				CLANG_WARN_OBJC_ROOT_CLASS = YES_ERROR;
				CLANG_WARN_QUOTED_INCLUDE_IN_FRAMEWORK_HEADER = YES;
				CLANG_WARN_RANGE_LOOP_ANALYSIS = YES;
				CLANG_WARN_STRICT_PROTOTYPES = YES;
				CLANG_WARN_SUSPICIOUS_MOVE = YES;
				CLANG_WARN_UNGUARDED_AVAILABILITY = YES_AGGRESSIVE;
				CLANG_WARN_UNREACHABLE_CODE = YES;
				CLANG_WARN__DUPLICATE_METHOD_MATCH = YES;
				COPY_PHASE_STRIP = NO;
				DEBUG_INFORMATION_FORMAT = dwarf;
				ENABLE_STRICT_OBJC_MSGSEND = YES;
				ENABLE_TESTABILITY = YES;
				GCC_C_LANGUAGE_STANDARD = gnu11;
				GCC_DYNAMIC_NO_PIC = NO;
				GCC_NO_COMMON_BLOCKS = YES;
				GCC_OPTIMIZATION_LEVEL = 0;
				GCC_PREPROCESSOR_DEFINITIONS = (
					"DEBUG=1",
					"$(inherited)",
				);
				GCC_WARN_64_TO_32_BIT_CONVERSION = YES;
				GCC_WARN_ABOUT_RETURN_TYPE = YES_ERROR;
				GCC_WARN_UNDECLARED_SELECTOR = YES;
				GCC_WARN_UNINITIALIZED_AUTOS = YES_AGGRESSIVE;
				GCC_WARN_UNUSED_FUNCTION = YES;
				GCC_WARN_UNUSED_VARIABLE = YES;
				IPHONEOS_DEPLOYMENT_TARGET = 16.4;
				MTL_ENABLE_DEBUG_INFO = INCLUDE_SOURCE;
				MTL_FAST_MATH = YES;
				ONLY_ACTIVE_ARCH = YES;
				SDKROOT = iphoneos;
				SWIFT_ACTIVE_COMPILATION_CONDITIONS = DEBUG;
				SWIFT_OPTIMIZATION_LEVEL = "-Onone";
			};
			name = Debug;
		};
		6F64CF082A73E144003CFBB7 /* Release */ = {
			isa = XCBuildConfiguration;
			buildSettings = {
				ALWAYS_SEARCH_USER_PATHS = NO;
				CLANG_ANALYZER_NONNULL = YES;
				CLANG_ANALYZER_NUMBER_OBJECT_CONVERSION = YES_AGGRESSIVE;
				CLANG_CXX_LANGUAGE_STANDARD = "gnu++20";
				CLANG_ENABLE_MODULES = YES;
				CLANG_ENABLE_OBJC_ARC = YES;
				CLANG_ENABLE_OBJC_WEAK = YES;
				CLANG_WARN_BLOCK_CAPTURE_AUTORELEASING = YES;
				CLANG_WARN_BOOL_CONVERSION = YES;
				CLANG_WARN_COMMA = YES;
				CLANG_WARN_CONSTANT_CONVERSION = YES;
				CLANG_WARN_DEPRECATED_OBJC_IMPLEMENTATIONS = YES;
				CLANG_WARN_DIRECT_OBJC_ISA_USAGE = YES_ERROR;
				CLANG_WARN_DOCUMENTATION_COMMENTS = YES;
				CLANG_WARN_EMPTY_BODY = YES;
				CLANG_WARN_ENUM_CONVERSION = YES;
				CLANG_WARN_INFINITE_RECURSION = YES;
				CLANG_WARN_INT_CONVERSION = YES;
				CLANG_WARN_NON_LITERAL_NULL_CONVERSION = YES;
				CLANG_WARN_OBJC_IMPLICIT_RETAIN_SELF = YES;
				CLANG_WARN_OBJC_LITERAL_CONVERSION = YES;
				CLANG_WARN_OBJC_ROOT_CLASS = YES_ERROR;
				CLANG_WARN_QUOTED_INCLUDE_IN_FRAMEWORK_HEADER = YES;
				CLANG_WARN_RANGE_LOOP_ANALYSIS = YES;
				CLANG_WARN_STRICT_PROTOTYPES = YES;
				CLANG_WARN_SUSPICIOUS_MOVE = YES;
				CLANG_WARN_UNGUARDED_AVAILABILITY = YES_AGGRESSIVE;
				CLANG_WARN_UNREACHABLE_CODE = YES;
				CLANG_WARN__DUPLICATE_METHOD_MATCH = YES;
				COPY_PHASE_STRIP = NO;
				DEBUG_INFORMATION_FORMAT = "dwarf-with-dsym";
				ENABLE_NS_ASSERTIONS = NO;
				ENABLE_STRICT_OBJC_MSGSEND = YES;
				GCC_C_LANGUAGE_STANDARD = gnu11;
				GCC_NO_COMMON_BLOCKS = YES;
				GCC_WARN_64_TO_32_BIT_CONVERSION = YES;
				GCC_WARN_ABOUT_RETURN_TYPE = YES_ERROR;
				GCC_WARN_UNDECLARED_SELECTOR = YES;
				GCC_WARN_UNINITIALIZED_AUTOS = YES_AGGRESSIVE;
				GCC_WARN_UNUSED_FUNCTION = YES;
				GCC_WARN_UNUSED_VARIABLE = YES;
				IPHONEOS_DEPLOYMENT_TARGET = 16.4;
				MTL_ENABLE_DEBUG_INFO = NO;
				MTL_FAST_MATH = YES;
				SDKROOT = iphoneos;
				SWIFT_COMPILATION_MODE = wholemodule;
				SWIFT_OPTIMIZATION_LEVEL = "-O";
				VALIDATE_PRODUCT = YES;
			};
			name = Release;
		};
		6F64CF0A2A73E144003CFBB7 /* Debug */ = {
			isa = XCBuildConfiguration;
			buildSettings = {
				ASSETCATALOG_COMPILER_APPICON_NAME = AppIcon;
				ASSETCATALOG_COMPILER_GLOBAL_ACCENT_COLOR_NAME = AccentColor;
				CODE_SIGN_STYLE = Automatic;
				CURRENT_PROJECT_VERSION = 1;
				DEVELOPMENT_TEAM = 5JKHA34QG7;
				GENERATE_INFOPLIST_FILE = YES;
				INFOPLIST_FILE = hackathon2808/SupportingFiles/Info.plist;
				INFOPLIST_KEY_CFBundleDisplayName = "Копилка";
				INFOPLIST_KEY_UIApplicationSupportsIndirectInputEvents = YES;
				INFOPLIST_KEY_UILaunchStoryboardName = LaunchScreen;
				INFOPLIST_KEY_UIMainStoryboardFile = Main;
				INFOPLIST_KEY_UISupportedInterfaceOrientations = UIInterfaceOrientationPortrait;
				INFOPLIST_KEY_UISupportedInterfaceOrientations_iPad = "UIInterfaceOrientationLandscapeLeft UIInterfaceOrientationLandscapeRight";
				LD_RUNPATH_SEARCH_PATHS = (
					"$(inherited)",
					"@executable_path/Frameworks",
				);
				MARKETING_VERSION = 1.0;
				PRODUCT_BUNDLE_IDENTIFIER = hackathon.denisChuprov.hackathon2808;
				PRODUCT_NAME = "$(TARGET_NAME)";
				SWIFT_EMIT_LOC_STRINGS = YES;
				SWIFT_VERSION = 5.0;
				TARGETED_DEVICE_FAMILY = "1,2";
			};
			name = Debug;
		};
		6F64CF0B2A73E144003CFBB7 /* Release */ = {
			isa = XCBuildConfiguration;
			buildSettings = {
				ASSETCATALOG_COMPILER_APPICON_NAME = AppIcon;
				ASSETCATALOG_COMPILER_GLOBAL_ACCENT_COLOR_NAME = AccentColor;
				CODE_SIGN_STYLE = Automatic;
				CURRENT_PROJECT_VERSION = 1;
				DEVELOPMENT_TEAM = 5JKHA34QG7;
				GENERATE_INFOPLIST_FILE = YES;
				INFOPLIST_FILE = hackathon2808/SupportingFiles/Info.plist;
				INFOPLIST_KEY_CFBundleDisplayName = "Копилка";
				INFOPLIST_KEY_UIApplicationSupportsIndirectInputEvents = YES;
				INFOPLIST_KEY_UILaunchStoryboardName = LaunchScreen;
				INFOPLIST_KEY_UIMainStoryboardFile = Main;
				INFOPLIST_KEY_UISupportedInterfaceOrientations = UIInterfaceOrientationPortrait;
				INFOPLIST_KEY_UISupportedInterfaceOrientations_iPad = "UIInterfaceOrientationLandscapeLeft UIInterfaceOrientationLandscapeRight";
				LD_RUNPATH_SEARCH_PATHS = (
					"$(inherited)",
					"@executable_path/Frameworks",
				);
				MARKETING_VERSION = 1.0;
				PRODUCT_BUNDLE_IDENTIFIER = hackathon.denisChuprov.hackathon2808;
				PRODUCT_NAME = "$(TARGET_NAME)";
				SWIFT_EMIT_LOC_STRINGS = YES;
				SWIFT_VERSION = 5.0;
				TARGETED_DEVICE_FAMILY = "1,2";
			};
			name = Release;
		};
/* End XCBuildConfiguration section */

/* Begin XCConfigurationList section */
		6F64CEF02A73E143003CFBB7 /* Build configuration list for PBXProject "hackathon2808" */ = {
			isa = XCConfigurationList;
			buildConfigurations = (
				6F64CF072A73E144003CFBB7 /* Debug */,
				6F64CF082A73E144003CFBB7 /* Release */,
			);
			defaultConfigurationIsVisible = 0;
			defaultConfigurationName = Release;
		};
		6F64CF092A73E144003CFBB7 /* Build configuration list for PBXNativeTarget "hackathon2808" */ = {
			isa = XCConfigurationList;
			buildConfigurations = (
				6F64CF0A2A73E144003CFBB7 /* Debug */,
				6F64CF0B2A73E144003CFBB7 /* Release */,
			);
			defaultConfigurationIsVisible = 0;
			defaultConfigurationName = Release;
		};
/* End XCConfigurationList section */

/* Begin XCRemoteSwiftPackageReference section */
		6F64CF1A2A73E543003CFBB7 /* XCRemoteSwiftPackageReference "Foundation" */ = {
			isa = XCRemoteSwiftPackageReference;
			repositoryURL = "https://github.com/PromiseKit/Foundation.git";
			requirement = {
				kind = upToNextMajorVersion;
				minimumVersion = 3.0.0;
			};
		};
		6F64CF1F2A73E599003CFBB7 /* XCRemoteSwiftPackageReference "KeychainAccess" */ = {
			isa = XCRemoteSwiftPackageReference;
			repositoryURL = "https://github.com/kishikawakatsumi/KeychainAccess";
			requirement = {
				branch = master;
				kind = branch;
			};
		};
		6F64CF252A73E667003CFBB7 /* XCRemoteSwiftPackageReference "IQKeyboardManager" */ = {
			isa = XCRemoteSwiftPackageReference;
			repositoryURL = "https://github.com/hackiftekhar/IQKeyboardManager";
			requirement = {
				kind = upToNextMajorVersion;
				minimumVersion = 6.0.0;
			};
		};
		6F64CF2A2A74007F003CFBB7 /* XCRemoteSwiftPackageReference "SDWebImage" */ = {
			isa = XCRemoteSwiftPackageReference;
			repositoryURL = "https://github.com/SDWebImage/SDWebImage.git";
			requirement = {
				kind = upToNextMajorVersion;
				minimumVersion = 5.0.0;
			};
		};
		6F64CF2D2A7400CC003CFBB7 /* XCRemoteSwiftPackageReference "Toast-Swift" */ = {
			isa = XCRemoteSwiftPackageReference;
			repositoryURL = "https://github.com/scalessec/Toast-Swift.git";
			requirement = {
				kind = upToNextMajorVersion;
				minimumVersion = 5.0.0;
			};
		};
		6F64CF762A74FBE8003CFBB7 /* XCRemoteSwiftPackageReference "Wormholy" */ = {
			isa = XCRemoteSwiftPackageReference;
			repositoryURL = "https://github.com/tadelv/Wormholy";
			requirement = {
				kind = upToNextMajorVersion;
				minimumVersion = 1.0.0;
			};
		};
/* End XCRemoteSwiftPackageReference section */

/* Begin XCSwiftPackageProductDependency section */
		6F64CF1B2A73E543003CFBB7 /* PMKFoundation */ = {
			isa = XCSwiftPackageProductDependency;
			package = 6F64CF1A2A73E543003CFBB7 /* XCRemoteSwiftPackageReference "Foundation" */;
			productName = PMKFoundation;
		};
		6F64CF202A73E599003CFBB7 /* KeychainAccess */ = {
			isa = XCSwiftPackageProductDependency;
			package = 6F64CF1F2A73E599003CFBB7 /* XCRemoteSwiftPackageReference "KeychainAccess" */;
			productName = KeychainAccess;
		};
		6F64CF262A73E667003CFBB7 /* IQKeyboardManagerSwift */ = {
			isa = XCSwiftPackageProductDependency;
			package = 6F64CF252A73E667003CFBB7 /* XCRemoteSwiftPackageReference "IQKeyboardManager" */;
			productName = IQKeyboardManagerSwift;
		};
		6F64CF2B2A74007F003CFBB7 /* SDWebImage */ = {
			isa = XCSwiftPackageProductDependency;
			package = 6F64CF2A2A74007F003CFBB7 /* XCRemoteSwiftPackageReference "SDWebImage" */;
			productName = SDWebImage;
		};
		6F64CF2E2A7400CC003CFBB7 /* Toast */ = {
			isa = XCSwiftPackageProductDependency;
			package = 6F64CF2D2A7400CC003CFBB7 /* XCRemoteSwiftPackageReference "Toast-Swift" */;
			productName = Toast;
		};
		6F64CF772A74FBE8003CFBB7 /* Wormholy */ = {
			isa = XCSwiftPackageProductDependency;
			package = 6F64CF762A74FBE8003CFBB7 /* XCRemoteSwiftPackageReference "Wormholy" */;
			productName = Wormholy;
		};
/* End XCSwiftPackageProductDependency section */
	};
	rootObject = 6F64CEED2A73E143003CFBB7 /* Project object */;
}
